
Microsoft Visual Studio Solution File, Format Version 12.00
# Visual Studio Version 17
VisualStudioVersion = 17.0.31903.59
MinimumVisualStudioVersion = 10.0.40219.1
Project("{2150E333-8FDC-42A3-9474-1A3956D46DE8}") = "Gateway", "Gateway", "{799E6FE6-66D2-401C-9FB8-209C110EEC73}"
EndProject
Project("{FAE04EC0-301F-11D3-BF4B-00C04F79EFBC}") = "Gateway.Api", "Gateway\Gateway.Api\Gateway.Api.csproj", "{0AB50802-E719-447F-B4ED-B009057EEEDE}"
EndProject
Project("{2150E333-8FDC-42A3-9474-1A3956D46DE8}") = "Services", "Services", "{57BD1CC6-D7BC-4D47-AB56-624763A2749A}"
EndProject
Project("{2150E333-8FDC-42A3-9474-1A3956D46DE8}") = "Identity", "Identity", "{37DA8C75-7B46-4F09-826D-C4F1D8DE6A3B}"
EndProject
Project("{FAE04EC0-301F-11D3-BF4B-00C04F79EFBC}") = "Identity.Api", "Services\Identity\Identity.Api\Identity.Api.csproj", "{4BE678A6-5C63-463D-805E-DF969E406AB0}"
EndProject
Project("{2150E333-8FDC-42A3-9474-1A3956D46DE8}") = "Adopty", "Adopty", "{7215EFDE-C8F3-4E86-B82A-DBDFA9D67747}"
EndProject
Project("{FAE04EC0-301F-11D3-BF4B-00C04F79EFBC}") = "Adopty", "Services\Adopty\Adopty.csproj", "{CAFC27B4-7E53-49C1-98FC-DB096DEC82BD}"
EndProject
Project("{FAE04EC0-301F-11D3-BF4B-00C04F79EFBC}") = "Identity.Contracts", "Services\Identity\Identity.Contracts\Identity.Contracts.csproj", "{4F85EDE2-F846-4F1C-AE25-2B118A8BA3F7}"
EndProject
Global
	GlobalSection(SolutionConfigurationPlatforms) = preSolution
		Debug|Any CPU = Debug|Any CPU
		Release|Any CPU = Release|Any CPU
	EndGlobalSection
	GlobalSection(SolutionProperties) = preSolution
		HideSolutionNode = FALSE
	EndGlobalSection
	GlobalSection(ProjectConfigurationPlatforms) = postSolution
		{0AB50802-E719-447F-B4ED-B009057EEEDE}.Debug|Any CPU.ActiveCfg = Debug|Any CPU
		{0AB50802-E719-447F-B4ED-B009057EEEDE}.Debug|Any CPU.Build.0 = Debug|Any CPU
		{0AB50802-E719-447F-B4ED-B009057EEEDE}.Release|Any CPU.ActiveCfg = Release|Any CPU
		{0AB50802-E719-447F-B4ED-B009057EEEDE}.Release|Any CPU.Build.0 = Release|Any CPU
		{4BE678A6-5C63-463D-805E-DF969E406AB0}.Debug|Any CPU.ActiveCfg = Debug|Any CPU
		{4BE678A6-5C63-463D-805E-DF969E406AB0}.Debug|Any CPU.Build.0 = Debug|Any CPU
		{4BE678A6-5C63-463D-805E-DF969E406AB0}.Release|Any CPU.ActiveCfg = Release|Any CPU
		{4BE678A6-5C63-463D-805E-DF969E406AB0}.Release|Any CPU.Build.0 = Release|Any CPU
		{CAFC27B4-7E53-49C1-98FC-DB096DEC82BD}.Debug|Any CPU.ActiveCfg = Debug|Any CPU
		{CAFC27B4-7E53-49C1-98FC-DB096DEC82BD}.Debug|Any CPU.Build.0 = Debug|Any CPU
		{CAFC27B4-7E53-49C1-98FC-DB096DEC82BD}.Release|Any CPU.ActiveCfg = Release|Any CPU
		{CAFC27B4-7E53-49C1-98FC-DB096DEC82BD}.Release|Any CPU.Build.0 = Release|Any CPU
		{4F85EDE2-F846-4F1C-AE25-2B118A8BA3F7}.Debug|Any CPU.ActiveCfg = Debug|Any CPU
		{4F85EDE2-F846-4F1C-AE25-2B118A8BA3F7}.Debug|Any CPU.Build.0 = Debug|Any CPU
		{4F85EDE2-F846-4F1C-AE25-2B118A8BA3F7}.Release|Any CPU.ActiveCfg = Release|Any CPU
		{4F85EDE2-F846-4F1C-AE25-2B118A8BA3F7}.Release|Any CPU.Build.0 = Release|Any CPU
	EndGlobalSection
	GlobalSection(NestedProjects) = preSolution
		{0AB50802-E719-447F-B4ED-B009057EEEDE} = {799E6FE6-66D2-401C-9FB8-209C110EEC73}
		{37DA8C75-7B46-4F09-826D-C4F1D8DE6A3B} = {57BD1CC6-D7BC-4D47-AB56-624763A2749A}
		{4BE678A6-5C63-463D-805E-DF969E406AB0} = {37DA8C75-7B46-4F09-826D-C4F1D8DE6A3B}
		{7215EFDE-C8F3-4E86-B82A-DBDFA9D67747} = {57BD1CC6-D7BC-4D47-AB56-624763A2749A}
		{CAFC27B4-7E53-49C1-98FC-DB096DEC82BD} = {7215EFDE-C8F3-4E86-B82A-DBDFA9D67747}
		{4F85EDE2-F846-4F1C-AE25-2B118A8BA3F7} = {37DA8C75-7B46-4F09-826D-C4F1D8DE6A3B}
	EndGlobalSection
EndGlobal
